// !$*UTF8*$!
{
	archiveVersion = 1;
	classes = {
	};
	objectVersion = 56;
	objects = {

/* Begin PBXBuildFile section */
		B2F75FB62C32302E00698513 /* BootcampApp.swift in Sources */ = {isa = PBXBuildFile; fileRef = B2F75FB52C32302E00698513 /* BootcampApp.swift */; };
		B2F75FB82C32302E00698513 /* ContentView.swift in Sources */ = {isa = PBXBuildFile; fileRef = B2F75FB72C32302E00698513 /* ContentView.swift */; };
		B2F75FBA2C32303200698513 /* Assets.xcassets in Resources */ = {isa = PBXBuildFile; fileRef = B2F75FB92C32303200698513 /* Assets.xcassets */; };
		B2F75FBD2C32303200698513 /* Preview Assets.xcassets in Resources */ = {isa = PBXBuildFile; fileRef = B2F75FBC2C32303200698513 /* Preview Assets.xcassets */; };
		B2F75FC72C32303200698513 /* BootcampTests.swift in Sources */ = {isa = PBXBuildFile; fileRef = B2F75FC62C32303200698513 /* BootcampTests.swift */; };
		B2F75FD12C32303200698513 /* BootcampUITests.swift in Sources */ = {isa = PBXBuildFile; fileRef = B2F75FD02C32303200698513 /* BootcampUITests.swift */; };
		B2F75FD32C32303200698513 /* BootcampUITestsLaunchTests.swift in Sources */ = {isa = PBXBuildFile; fileRef = B2F75FD22C32303200698513 /* BootcampUITestsLaunchTests.swift */; };
		B2F75FE02C3234FE00698513 /* TextBootcamp.swift in Sources */ = {isa = PBXBuildFile; fileRef = B2F75FDF2C3234FD00698513 /* TextBootcamp.swift */; };
		B2F75FE22C331B5700698513 /* ShapesBootcamp.swift in Sources */ = {isa = PBXBuildFile; fileRef = B2F75FE12C331B5700698513 /* ShapesBootcamp.swift */; };
		B2F75FE42C331E5600698513 /* ColorsBootcamp.swift in Sources */ = {isa = PBXBuildFile; fileRef = B2F75FE32C331E5600698513 /* ColorsBootcamp.swift */; };
		B2F75FE62C38792400698513 /* GradientBootcamp.swift in Sources */ = {isa = PBXBuildFile; fileRef = B2F75FE52C38792300698513 /* GradientBootcamp.swift */; };
		B2F75FE82C387D3300698513 /* IconsBootcamp.swift in Sources */ = {isa = PBXBuildFile; fileRef = B2F75FE72C387D3300698513 /* IconsBootcamp.swift */; };
		B2F75FEA2C387FE300698513 /* ImageBootcamp.swift in Sources */ = {isa = PBXBuildFile; fileRef = B2F75FE92C387FE300698513 /* ImageBootcamp.swift */; };
		B2F75FEC2C3E4C0F00698513 /* FrameBootcamp.swift in Sources */ = {isa = PBXBuildFile; fileRef = B2F75FEB2C3E4C0F00698513 /* FrameBootcamp.swift */; };
/* End PBXBuildFile section */

/* Begin PBXContainerItemProxy section */
		B2F75FC32C32303200698513 /* PBXContainerItemProxy */ = {
			isa = PBXContainerItemProxy;
			containerPortal = B2F75FAA2C32302E00698513 /* Project object */;
			proxyType = 1;
			remoteGlobalIDString = B2F75FB12C32302E00698513;
			remoteInfo = Bootcamp;
		};
		B2F75FCD2C32303200698513 /* PBXContainerItemProxy */ = {
			isa = PBXContainerItemProxy;
			containerPortal = B2F75FAA2C32302E00698513 /* Project object */;
			proxyType = 1;
			remoteGlobalIDString = B2F75FB12C32302E00698513;
			remoteInfo = Bootcamp;
		};
/* End PBXContainerItemProxy section */

/* Begin PBXFileReference section */
		B2F75FB22C32302E00698513 /* Bootcamp.app */ = {isa = PBXFileReference; explicitFileType = wrapper.application; includeInIndex = 0; path = Bootcamp.app; sourceTree = BUILT_PRODUCTS_DIR; };
		B2F75FB52C32302E00698513 /* BootcampApp.swift */ = {isa = PBXFileReference; lastKnownFileType = sourcecode.swift; path = BootcampApp.swift; sourceTree = "<group>"; };
		B2F75FB72C32302E00698513 /* ContentView.swift */ = {isa = PBXFileReference; lastKnownFileType = sourcecode.swift; path = ContentView.swift; sourceTree = "<group>"; };
		B2F75FB92C32303200698513 /* Assets.xcassets */ = {isa = PBXFileReference; lastKnownFileType = folder.assetcatalog; path = Assets.xcassets; sourceTree = "<group>"; };
		B2F75FBC2C32303200698513 /* Preview Assets.xcassets */ = {isa = PBXFileReference; lastKnownFileType = folder.assetcatalog; path = "Preview Assets.xcassets"; sourceTree = "<group>"; };
		B2F75FC22C32303200698513 /* BootcampTests.xctest */ = {isa = PBXFileReference; explicitFileType = wrapper.cfbundle; includeInIndex = 0; path = BootcampTests.xctest; sourceTree = BUILT_PRODUCTS_DIR; };
		B2F75FC62C32303200698513 /* BootcampTests.swift */ = {isa = PBXFileReference; lastKnownFileType = sourcecode.swift; path = BootcampTests.swift; sourceTree = "<group>"; };
		B2F75FCC2C32303200698513 /* BootcampUITests.xctest */ = {isa = PBXFileReference; explicitFileType = wrapper.cfbundle; includeInIndex = 0; path = BootcampUITests.xctest; sourceTree = BUILT_PRODUCTS_DIR; };
		B2F75FD02C32303200698513 /* BootcampUITests.swift */ = {isa = PBXFileReference; lastKnownFileType = sourcecode.swift; path = BootcampUITests.swift; sourceTree = "<group>"; };
		B2F75FD22C32303200698513 /* BootcampUITestsLaunchTests.swift */ = {isa = PBXFileReference; lastKnownFileType = sourcecode.swift; path = BootcampUITestsLaunchTests.swift; sourceTree = "<group>"; };
		B2F75FDF2C3234FD00698513 /* TextBootcamp.swift */ = {isa = PBXFileReference; lastKnownFileType = sourcecode.swift; path = TextBootcamp.swift; sourceTree = "<group>"; };
		B2F75FE12C331B5700698513 /* ShapesBootcamp.swift */ = {isa = PBXFileReference; lastKnownFileType = sourcecode.swift; path = ShapesBootcamp.swift; sourceTree = "<group>"; };
		B2F75FE32C331E5600698513 /* ColorsBootcamp.swift */ = {isa = PBXFileReference; lastKnownFileType = sourcecode.swift; path = ColorsBootcamp.swift; sourceTree = "<group>"; };
		B2F75FE52C38792300698513 /* GradientBootcamp.swift */ = {isa = PBXFileReference; lastKnownFileType = sourcecode.swift; path = GradientBootcamp.swift; sourceTree = "<group>"; };
		B2F75FE72C387D3300698513 /* IconsBootcamp.swift */ = {isa = PBXFileReference; lastKnownFileType = sourcecode.swift; path = IconsBootcamp.swift; sourceTree = "<group>"; };
		B2F75FE92C387FE300698513 /* ImageBootcamp.swift */ = {isa = PBXFileReference; lastKnownFileType = sourcecode.swift; path = ImageBootcamp.swift; sourceTree = "<group>"; };
		B2F75FEB2C3E4C0F00698513 /* FrameBootcamp.swift */ = {isa = PBXFileReference; lastKnownFileType = sourcecode.swift; path = FrameBootcamp.swift; sourceTree = "<group>"; };
/* End PBXFileReference section */

/* Begin PBXFrameworksBuildPhase section */
		B2F75FAF2C32302E00698513 /* Frameworks */ = {
			isa = PBXFrameworksBuildPhase;
			buildActionMask = 2147483647;
			files = (
			);
			runOnlyForDeploymentPostprocessing = 0;
		};
		B2F75FBF2C32303200698513 /* Frameworks */ = {
			isa = PBXFrameworksBuildPhase;
			buildActionMask = 2147483647;
			files = (
			);
			runOnlyForDeploymentPostprocessing = 0;
		};
		B2F75FC92C32303200698513 /* Frameworks */ = {
			isa = PBXFrameworksBuildPhase;
			buildActionMask = 2147483647;
			files = (
			);
			runOnlyForDeploymentPostprocessing = 0;
		};
/* End PBXFrameworksBuildPhase section */

/* Begin PBXGroup section */
		B2F75FA92C32302E00698513 = {
			isa = PBXGroup;
			children = (
				B2F75FB42C32302E00698513 /* Bootcamp */,
				B2F75FC52C32303200698513 /* BootcampTests */,
				B2F75FCF2C32303200698513 /* BootcampUITests */,
				B2F75FB32C32302E00698513 /* Products */,
			);
			sourceTree = "<group>";
		};
		B2F75FB32C32302E00698513 /* Products */ = {
			isa = PBXGroup;
			children = (
				B2F75FB22C32302E00698513 /* Bootcamp.app */,
				B2F75FC22C32303200698513 /* BootcampTests.xctest */,
				B2F75FCC2C32303200698513 /* BootcampUITests.xctest */,
			);
			name = Products;
			sourceTree = "<group>";
		};
		B2F75FB42C32302E00698513 /* Bootcamp */ = {
			isa = PBXGroup;
			children = (
				B2F75FB52C32302E00698513 /* BootcampApp.swift */,
				B2F75FB72C32302E00698513 /* ContentView.swift */,
				B2F75FDF2C3234FD00698513 /* TextBootcamp.swift */,
				B2F75FE12C331B5700698513 /* ShapesBootcamp.swift */,
				B2F75FE32C331E5600698513 /* ColorsBootcamp.swift */,
				B2F75FE52C38792300698513 /* GradientBootcamp.swift */,
				B2F75FE72C387D3300698513 /* IconsBootcamp.swift */,
				B2F75FE92C387FE300698513 /* ImageBootcamp.swift */,
				B2F75FEB2C3E4C0F00698513 /* FrameBootcamp.swift */,
				B2F75FB92C32303200698513 /* Assets.xcassets */,
				B2F75FBB2C32303200698513 /* Preview Content */,
			);
			path = Bootcamp;
			sourceTree = "<group>";
		};
		B2F75FBB2C32303200698513 /* Preview Content */ = {
			isa = PBXGroup;
			children = (
				B2F75FBC2C32303200698513 /* Preview Assets.xcassets */,
			);
			path = "Preview Content";
			sourceTree = "<group>";
		};
		B2F75FC52C32303200698513 /* BootcampTests */ = {
			isa = PBXGroup;
			children = (
				B2F75FC62C32303200698513 /* BootcampTests.swift */,
			);
			path = BootcampTests;
			sourceTree = "<group>";
		};
		B2F75FCF2C32303200698513 /* BootcampUITests */ = {
			isa = PBXGroup;
			children = (
				B2F75FD02C32303200698513 /* BootcampUITests.swift */,
				B2F75FD22C32303200698513 /* BootcampUITestsLaunchTests.swift */,
			);
			path = BootcampUITests;
			sourceTree = "<group>";
		};
/* End PBXGroup section */

/* Begin PBXNativeTarget section */
		B2F75FB12C32302E00698513 /* Bootcamp */ = {
			isa = PBXNativeTarget;
			buildConfigurationList = B2F75FD62C32303200698513 /* Build configuration list for PBXNativeTarget "Bootcamp" */;
			buildPhases = (
				B2F75FAE2C32302E00698513 /* Sources */,
				B2F75FAF2C32302E00698513 /* Frameworks */,
				B2F75FB02C32302E00698513 /* Resources */,
			);
			buildRules = (
			);
			dependencies = (
			);
			name = Bootcamp;
			productName = Bootcamp;
			productReference = B2F75FB22C32302E00698513 /* Bootcamp.app */;
			productType = "com.apple.product-type.application";
		};
		B2F75FC12C32303200698513 /* BootcampTests */ = {
			isa = PBXNativeTarget;
			buildConfigurationList = B2F75FD92C32303200698513 /* Build configuration list for PBXNativeTarget "BootcampTests" */;
			buildPhases = (
				B2F75FBE2C32303200698513 /* Sources */,
				B2F75FBF2C32303200698513 /* Frameworks */,
				B2F75FC02C32303200698513 /* Resources */,
			);
			buildRules = (
			);
			dependencies = (
				B2F75FC42C32303200698513 /* PBXTargetDependency */,
			);
			name = BootcampTests;
			productName = BootcampTests;
			productReference = B2F75FC22C32303200698513 /* BootcampTests.xctest */;
			productType = "com.apple.product-type.bundle.unit-test";
		};
		B2F75FCB2C32303200698513 /* BootcampUITests */ = {
			isa = PBXNativeTarget;
			buildConfigurationList = B2F75FDC2C32303200698513 /* Build configuration list for PBXNativeTarget "BootcampUITests" */;
			buildPhases = (
				B2F75FC82C32303200698513 /* Sources */,
				B2F75FC92C32303200698513 /* Frameworks */,
				B2F75FCA2C32303200698513 /* Resources */,
			);
			buildRules = (
			);
			dependencies = (
				B2F75FCE2C32303200698513 /* PBXTargetDependency */,
			);
			name = BootcampUITests;
			productName = BootcampUITests;
			productReference = B2F75FCC2C32303200698513 /* BootcampUITests.xctest */;
			productType = "com.apple.product-type.bundle.ui-testing";
		};
/* End PBXNativeTarget section */

/* Begin PBXProject section */
		B2F75FAA2C32302E00698513 /* Project object */ = {
			isa = PBXProject;
			attributes = {
				BuildIndependentTargetsInParallel = 1;
				LastSwiftUpdateCheck = 1540;
				LastUpgradeCheck = 1540;
				TargetAttributes = {
					B2F75FB12C32302E00698513 = {
						CreatedOnToolsVersion = 15.4;
					};
					B2F75FC12C32303200698513 = {
						CreatedOnToolsVersion = 15.4;
						TestTargetID = B2F75FB12C32302E00698513;
					};
					B2F75FCB2C32303200698513 = {
						CreatedOnToolsVersion = 15.4;
						TestTargetID = B2F75FB12C32302E00698513;
					};
				};
			};
			buildConfigurationList = B2F75FAD2C32302E00698513 /* Build configuration list for PBXProject "Bootcamp" */;
			compatibilityVersion = "Xcode 14.0";
			developmentRegion = en;
			hasScannedForEncodings = 0;
			knownRegions = (
				en,
				Base,
			);
			mainGroup = B2F75FA92C32302E00698513;
			productRefGroup = B2F75FB32C32302E00698513 /* Products */;
			projectDirPath = "";
			projectRoot = "";
			targets = (
				B2F75FB12C32302E00698513 /* Bootcamp */,
				B2F75FC12C32303200698513 /* BootcampTests */,
				B2F75FCB2C32303200698513 /* BootcampUITests */,
			);
		};
/* End PBXProject section */

/* Begin PBXResourcesBuildPhase section */
		B2F75FB02C32302E00698513 /* Resources */ = {
			isa = PBXResourcesBuildPhase;
			buildActionMask = 2147483647;
			files = (
				B2F75FBD2C32303200698513 /* Preview Assets.xcassets in Resources */,
				B2F75FBA2C32303200698513 /* Assets.xcassets in Resources */,
			);
			runOnlyForDeploymentPostprocessing = 0;
		};
		B2F75FC02C32303200698513 /* Resources */ = {
			isa = PBXResourcesBuildPhase;
			buildActionMask = 2147483647;
			files = (
			);
			runOnlyForDeploymentPostprocessing = 0;
		};
		B2F75FCA2C32303200698513 /* Resources */ = {
			isa = PBXResourcesBuildPhase;
			buildActionMask = 2147483647;
			files = (
			);
			runOnlyForDeploymentPostprocessing = 0;
		};
/* End PBXResourcesBuildPhase section */

/* Begin PBXSourcesBuildPhase section */
		B2F75FAE2C32302E00698513 /* Sources */ = {
			isa = PBXSourcesBuildPhase;
			buildActionMask = 2147483647;
			files = (
				B2F75FE42C331E5600698513 /* ColorsBootcamp.swift in Sources */,
				B2F75FE22C331B5700698513 /* ShapesBootcamp.swift in Sources */,
				B2F75FEC2C3E4C0F00698513 /* FrameBootcamp.swift in Sources */,
				B2F75FB82C32302E00698513 /* ContentView.swift in Sources */,
				B2F75FE02C3234FE00698513 /* TextBootcamp.swift in Sources */,
				B2F75FE62C38792400698513 /* GradientBootcamp.swift in Sources */,
				B2F75FB62C32302E00698513 /* BootcampApp.swift in Sources */,
				B2F75FEA2C387FE300698513 /* ImageBootcamp.swift in Sources */,
				B2F75FE82C387D3300698513 /* IconsBootcamp.swift in Sources */,
			);
			runOnlyForDeploymentPostprocessing = 0;
		};
		B2F75FBE2C32303200698513 /* Sources */ = {
			isa = PBXSourcesBuildPhase;
			buildActionMask = 2147483647;
			files = (
				B2F75FC72C32303200698513 /* BootcampTests.swift in Sources */,
			);
			runOnlyForDeploymentPostprocessing = 0;
		};
		B2F75FC82C32303200698513 /* Sources */ = {
			isa = PBXSourcesBuildPhase;
			buildActionMask = 2147483647;
			files = (
				B2F75FD32C32303200698513 /* BootcampUITestsLaunchTests.swift in Sources */,
				B2F75FD12C32303200698513 /* BootcampUITests.swift in Sources */,
			);
			runOnlyForDeploymentPostprocessing = 0;
		};
/* End PBXSourcesBuildPhase section */

/* Begin PBXTargetDependency section */
		B2F75FC42C32303200698513 /* PBXTargetDependency */ = {
			isa = PBXTargetDependency;
			target = B2F75FB12C32302E00698513 /* Bootcamp */;
			targetProxy = B2F75FC32C32303200698513 /* PBXContainerItemProxy */;
		};
		B2F75FCE2C32303200698513 /* PBXTargetDependency */ = {
			isa = PBXTargetDependency;
			target = B2F75FB12C32302E00698513 /* Bootcamp */;
			targetProxy = B2F75FCD2C32303200698513 /* PBXContainerItemProxy */;
		};
/* End PBXTargetDependency section */

/* Begin XCBuildConfiguration section */
		B2F75FD42C32303200698513 /* Debug */ = {
			isa = XCBuildConfiguration;
			buildSettings = {
				ALWAYS_SEARCH_USER_PATHS = NO;
				ASSETCATALOG_COMPILER_GENERATE_SWIFT_ASSET_SYMBOL_EXTENSIONS = YES;
				CLANG_ANALYZER_NONNULL = YES;
				CLANG_ANALYZER_NUMBER_OBJECT_CONVERSION = YES_AGGRESSIVE;
				CLANG_CXX_LANGUAGE_STANDARD = "gnu++20";
				CLANG_ENABLE_MODULES = YES;
				CLANG_ENABLE_OBJC_ARC = YES;
				CLANG_ENABLE_OBJC_WEAK = YES;
				CLANG_WARN_BLOCK_CAPTURE_AUTORELEASING = YES;
				CLANG_WARN_BOOL_CONVERSION = YES;
				CLANG_WARN_COMMA = YES;
				CLANG_WARN_CONSTANT_CONVERSION = YES;
				CLANG_WARN_DEPRECATED_OBJC_IMPLEMENTATIONS = YES;
				CLANG_WARN_DIRECT_OBJC_ISA_USAGE = YES_ERROR;
				CLANG_WARN_DOCUMENTATION_COMMENTS = YES;
				CLANG_WARN_EMPTY_BODY = YES;
				CLANG_WARN_ENUM_CONVERSION = YES;
				CLANG_WARN_INFINITE_RECURSION = YES;
				CLANG_WARN_INT_CONVERSION = YES;
				CLANG_WARN_NON_LITERAL_NULL_CONVERSION = YES;
				CLANG_WARN_OBJC_IMPLICIT_RETAIN_SELF = YES;
				CLANG_WARN_OBJC_LITERAL_CONVERSION = YES;
				CLANG_WARN_OBJC_ROOT_CLASS = YES_ERROR;
				CLANG_WARN_QUOTED_INCLUDE_IN_FRAMEWORK_HEADER = YES;
				CLANG_WARN_RANGE_LOOP_ANALYSIS = YES;
				CLANG_WARN_STRICT_PROTOTYPES = YES;
				CLANG_WARN_SUSPICIOUS_MOVE = YES;
				CLANG_WARN_UNGUARDED_AVAILABILITY = YES_AGGRESSIVE;
				CLANG_WARN_UNREACHABLE_CODE = YES;
				CLANG_WARN__DUPLICATE_METHOD_MATCH = YES;
				COPY_PHASE_STRIP = NO;
				DEBUG_INFORMATION_FORMAT = dwarf;
				ENABLE_STRICT_OBJC_MSGSEND = YES;
				ENABLE_TESTABILITY = YES;
				ENABLE_USER_SCRIPT_SANDBOXING = YES;
				GCC_C_LANGUAGE_STANDARD = gnu17;
				GCC_DYNAMIC_NO_PIC = NO;
				GCC_NO_COMMON_BLOCKS = YES;
				GCC_OPTIMIZATION_LEVEL = 0;
				GCC_PREPROCESSOR_DEFINITIONS = (
					"DEBUG=1",
					"$(inherited)",
				);
				GCC_WARN_64_TO_32_BIT_CONVERSION = YES;
				GCC_WARN_ABOUT_RETURN_TYPE = YES_ERROR;
				GCC_WARN_UNDECLARED_SELECTOR = YES;
				GCC_WARN_UNINITIALIZED_AUTOS = YES_AGGRESSIVE;
				GCC_WARN_UNUSED_FUNCTION = YES;
				GCC_WARN_UNUSED_VARIABLE = YES;
				IPHONEOS_DEPLOYMENT_TARGET = 17.5;
				LOCALIZATION_PREFERS_STRING_CATALOGS = YES;
				MTL_ENABLE_DEBUG_INFO = INCLUDE_SOURCE;
				MTL_FAST_MATH = YES;
				ONLY_ACTIVE_ARCH = YES;
				SDKROOT = iphoneos;
				SWIFT_ACTIVE_COMPILATION_CONDITIONS = "DEBUG $(inherited)";
				SWIFT_OPTIMIZATION_LEVEL = "-Onone";
			};
			name = Debug;
		};
		B2F75FD52C32303200698513 /* Release */ = {
			isa = XCBuildConfiguration;
			buildSettings = {
				ALWAYS_SEARCH_USER_PATHS = NO;
				ASSETCATALOG_COMPILER_GENERATE_SWIFT_ASSET_SYMBOL_EXTENSIONS = YES;
				CLANG_ANALYZER_NONNULL = YES;
				CLANG_ANALYZER_NUMBER_OBJECT_CONVERSION = YES_AGGRESSIVE;
				CLANG_CXX_LANGUAGE_STANDARD = "gnu++20";
				CLANG_ENABLE_MODULES = YES;
				CLANG_ENABLE_OBJC_ARC = YES;
				CLANG_ENABLE_OBJC_WEAK = YES;
				CLANG_WARN_BLOCK_CAPTURE_AUTORELEASING = YES;
				CLANG_WARN_BOOL_CONVERSION = YES;
				CLANG_WARN_COMMA = YES;
				CLANG_WARN_CONSTANT_CONVERSION = YES;
				CLANG_WARN_DEPRECATED_OBJC_IMPLEMENTATIONS = YES;
				CLANG_WARN_DIRECT_OBJC_ISA_USAGE = YES_ERROR;
				CLANG_WARN_DOCUMENTATION_COMMENTS = YES;
				CLANG_WARN_EMPTY_BODY = YES;
				CLANG_WARN_ENUM_CONVERSION = YES;
				CLANG_WARN_INFINITE_RECURSION = YES;
				CLANG_WARN_INT_CONVERSION = YES;
				CLANG_WARN_NON_LITERAL_NULL_CONVERSION = YES;
				CLANG_WARN_OBJC_IMPLICIT_RETAIN_SELF = YES;
				CLANG_WARN_OBJC_LITERAL_CONVERSION = YES;
				CLANG_WARN_OBJC_ROOT_CLASS = YES_ERROR;
				CLANG_WARN_QUOTED_INCLUDE_IN_FRAMEWORK_HEADER = YES;
				CLANG_WARN_RANGE_LOOP_ANALYSIS = YES;
				CLANG_WARN_STRICT_PROTOTYPES = YES;
				CLANG_WARN_SUSPICIOUS_MOVE = YES;
				CLANG_WARN_UNGUARDED_AVAILABILITY = YES_AGGRESSIVE;
				CLANG_WARN_UNREACHABLE_CODE = YES;
				CLANG_WARN__DUPLICATE_METHOD_MATCH = YES;
				COPY_PHASE_STRIP = NO;
				DEBUG_INFORMATION_FORMAT = "dwarf-with-dsym";
				ENABLE_NS_ASSERTIONS = NO;
				ENABLE_STRICT_OBJC_MSGSEND = YES;
				ENABLE_USER_SCRIPT_SANDBOXING = YES;
				GCC_C_LANGUAGE_STANDARD = gnu17;
				GCC_NO_COMMON_BLOCKS = YES;
				GCC_WARN_64_TO_32_BIT_CONVERSION = YES;
				GCC_WARN_ABOUT_RETURN_TYPE = YES_ERROR;
				GCC_WARN_UNDECLARED_SELECTOR = YES;
				GCC_WARN_UNINITIALIZED_AUTOS = YES_AGGRESSIVE;
				GCC_WARN_UNUSED_FUNCTION = YES;
				GCC_WARN_UNUSED_VARIABLE = YES;
				IPHONEOS_DEPLOYMENT_TARGET = 17.5;
				LOCALIZATION_PREFERS_STRING_CATALOGS = YES;
				MTL_ENABLE_DEBUG_INFO = NO;
				MTL_FAST_MATH = YES;
				SDKROOT = iphoneos;
				SWIFT_COMPILATION_MODE = wholemodule;
				VALIDATE_PRODUCT = YES;
			};
			name = Release;
		};
		B2F75FD72C32303200698513 /* Debug */ = {
			isa = XCBuildConfiguration;
			buildSettings = {
				ASSETCATALOG_COMPILER_APPICON_NAME = AppIcon;
				ASSETCATALOG_COMPILER_GLOBAL_ACCENT_COLOR_NAME = AccentColor;
				CODE_SIGN_STYLE = Automatic;
				CURRENT_PROJECT_VERSION = 1;
				DEVELOPMENT_ASSET_PATHS = "\"Bootcamp/Preview Content\"";
				ENABLE_PREVIEWS = YES;
				GENERATE_INFOPLIST_FILE = YES;
				INFOPLIST_KEY_UIApplicationSceneManifest_Generation = YES;
				INFOPLIST_KEY_UIApplicationSupportsIndirectInputEvents = YES;
				INFOPLIST_KEY_UILaunchScreen_Generation = YES;
				INFOPLIST_KEY_UISupportedInterfaceOrientations_iPad = "UIInterfaceOrientationPortrait UIInterfaceOrientationPortraitUpsideDown UIInterfaceOrientationLandscapeLeft UIInterfaceOrientationLandscapeRight";
				INFOPLIST_KEY_UISupportedInterfaceOrientations_iPhone = "UIInterfaceOrientationPortrait UIInterfaceOrientationLandscapeLeft UIInterfaceOrientationLandscapeRight";
				LD_RUNPATH_SEARCH_PATHS = (
					"$(inherited)",
					"@executable_path/Frameworks",
				);
				MARKETING_VERSION = 1.0;
				PRODUCT_BUNDLE_IDENTIFIER = com.organisation.Bootcamp;
				PRODUCT_NAME = "$(TARGET_NAME)";
				SWIFT_EMIT_LOC_STRINGS = YES;
				SWIFT_VERSION = 5.0;
				TARGETED_DEVICE_FAMILY = "1,2";
			};
			name = Debug;
		};
		B2F75FD82C32303200698513 /* Release */ = {
			isa = XCBuildConfiguration;
			buildSettings = {
				ASSETCATALOG_COMPILER_APPICON_NAME = AppIcon;
				ASSETCATALOG_COMPILER_GLOBAL_ACCENT_COLOR_NAME = AccentColor;
				CODE_SIGN_STYLE = Automatic;
				CURRENT_PROJECT_VERSION = 1;
				DEVELOPMENT_ASSET_PATHS = "\"Bootcamp/Preview Content\"";
				ENABLE_PREVIEWS = YES;
				GENERATE_INFOPLIST_FILE = YES;
				INFOPLIST_KEY_UIApplicationSceneManifest_Generation = YES;
				INFOPLIST_KEY_UIApplicationSupportsIndirectInputEvents = YES;
				INFOPLIST_KEY_UILaunchScreen_Generation = YES;
				INFOPLIST_KEY_UISupportedInterfaceOrientations_iPad = "UIInterfaceOrientationPortrait UIInterfaceOrientationPortraitUpsideDown UIInterfaceOrientationLandscapeLeft UIInterfaceOrientationLandscapeRight";
				INFOPLIST_KEY_UISupportedInterfaceOrientations_iPhone = "UIInterfaceOrientationPortrait UIInterfaceOrientationLandscapeLeft UIInterfaceOrientationLandscapeRight";
				LD_RUNPATH_SEARCH_PATHS = (
					"$(inherited)",
					"@executable_path/Frameworks",
				);
				MARKETING_VERSION = 1.0;
				PRODUCT_BUNDLE_IDENTIFIER = com.organisation.Bootcamp;
				PRODUCT_NAME = "$(TARGET_NAME)";
				SWIFT_EMIT_LOC_STRINGS = YES;
				SWIFT_VERSION = 5.0;
				TARGETED_DEVICE_FAMILY = "1,2";
			};
			name = Release;
		};
		B2F75FDA2C32303200698513 /* Debug */ = {
			isa = XCBuildConfiguration;
			buildSettings = {
				ALWAYS_EMBED_SWIFT_STANDARD_LIBRARIES = YES;
				BUNDLE_LOADER = "$(TEST_HOST)";
				CODE_SIGN_STYLE = Automatic;
				CURRENT_PROJECT_VERSION = 1;
				GENERATE_INFOPLIST_FILE = YES;
				IPHONEOS_DEPLOYMENT_TARGET = 17.5;
				MARKETING_VERSION = 1.0;
				PRODUCT_BUNDLE_IDENTIFIER = com.organisation.BootcampTests;
				PRODUCT_NAME = "$(TARGET_NAME)";
				SWIFT_EMIT_LOC_STRINGS = NO;
				SWIFT_VERSION = 5.0;
				TARGETED_DEVICE_FAMILY = "1,2";
				TEST_HOST = "$(BUILT_PRODUCTS_DIR)/Bootcamp.app/$(BUNDLE_EXECUTABLE_FOLDER_PATH)/Bootcamp";
			};
			name = Debug;
		};
		B2F75FDB2C32303200698513 /* Release */ = {
			isa = XCBuildConfiguration;
			buildSettings = {
				ALWAYS_EMBED_SWIFT_STANDARD_LIBRARIES = YES;
				BUNDLE_LOADER = "$(TEST_HOST)";
				CODE_SIGN_STYLE = Automatic;
				CURRENT_PROJECT_VERSION = 1;
				GENERATE_INFOPLIST_FILE = YES;
				IPHONEOS_DEPLOYMENT_TARGET = 17.5;
				MARKETING_VERSION = 1.0;
				PRODUCT_BUNDLE_IDENTIFIER = com.organisation.BootcampTests;
				PRODUCT_NAME = "$(TARGET_NAME)";
				SWIFT_EMIT_LOC_STRINGS = NO;
				SWIFT_VERSION = 5.0;
				TARGETED_DEVICE_FAMILY = "1,2";
				TEST_HOST = "$(BUILT_PRODUCTS_DIR)/Bootcamp.app/$(BUNDLE_EXECUTABLE_FOLDER_PATH)/Bootcamp";
			};
			name = Release;
		};
		B2F75FDD2C32303200698513 /* Debug */ = {
			isa = XCBuildConfiguration;
			buildSettings = {
				ALWAYS_EMBED_SWIFT_STANDARD_LIBRARIES = YES;
				CODE_SIGN_STYLE = Automatic;
				CURRENT_PROJECT_VERSION = 1;
				GENERATE_INFOPLIST_FILE = YES;
				MARKETING_VERSION = 1.0;
				PRODUCT_BUNDLE_IDENTIFIER = com.organisation.BootcampUITests;
				PRODUCT_NAME = "$(TARGET_NAME)";
				SWIFT_EMIT_LOC_STRINGS = NO;
				SWIFT_VERSION = 5.0;
				TARGETED_DEVICE_FAMILY = "1,2";
				TEST_TARGET_NAME = Bootcamp;
			};
			name = Debug;
		};
		B2F75FDE2C32303200698513 /* Release */ = {
			isa = XCBuildConfiguration;
			buildSettings = {
				ALWAYS_EMBED_SWIFT_STANDARD_LIBRARIES = YES;
				CODE_SIGN_STYLE = Automatic;
				CURRENT_PROJECT_VERSION = 1;
				GENERATE_INFOPLIST_FILE = YES;
				MARKETING_VERSION = 1.0;
				PRODUCT_BUNDLE_IDENTIFIER = com.organisation.BootcampUITests;
				PRODUCT_NAME = "$(TARGET_NAME)";
				SWIFT_EMIT_LOC_STRINGS = NO;
				SWIFT_VERSION = 5.0;
				TARGETED_DEVICE_FAMILY = "1,2";
				TEST_TARGET_NAME = Bootcamp;
			};
			name = Release;
		};
/* End XCBuildConfiguration section */

/* Begin XCConfigurationList section */
		B2F75FAD2C32302E00698513 /* Build configuration list for PBXProject "Bootcamp" */ = {
			isa = XCConfigurationList;
			buildConfigurations = (
				B2F75FD42C32303200698513 /* Debug */,
				B2F75FD52C32303200698513 /* Release */,
			);
			defaultConfigurationIsVisible = 0;
			defaultConfigurationName = Release;
		};
		B2F75FD62C32303200698513 /* Build configuration list for PBXNativeTarget "Bootcamp" */ = {
			isa = XCConfigurationList;
			buildConfigurations = (
				B2F75FD72C32303200698513 /* Debug */,
				B2F75FD82C32303200698513 /* Release */,
			);
			defaultConfigurationIsVisible = 0;
			defaultConfigurationName = Release;
		};
		B2F75FD92C32303200698513 /* Build configuration list for PBXNativeTarget "BootcampTests" */ = {
			isa = XCConfigurationList;
			buildConfigurations = (
				B2F75FDA2C32303200698513 /* Debug */,
				B2F75FDB2C32303200698513 /* Release */,
			);
			defaultConfigurationIsVisible = 0;
			defaultConfigurationName = Release;
		};
		B2F75FDC2C32303200698513 /* Build configuration list for PBXNativeTarget "BootcampUITests" */ = {
			isa = XCConfigurationList;
			buildConfigurations = (
				B2F75FDD2C32303200698513 /* Debug */,
				B2F75FDE2C32303200698513 /* Release */,
			);
			defaultConfigurationIsVisible = 0;
			defaultConfigurationName = Release;
		};
/* End XCConfigurationList section */
	};
	rootObject = B2F75FAA2C32302E00698513 /* Project object */;
}
